
Microsoft Visual Studio Solution File, Format Version 12.00
# Visual Studio Version 17
VisualStudioVersion = 17.3.32922.545
MinimumVisualStudioVersion = 10.0.40219.1
Project("{FAE04EC0-301F-11D3-BF4B-00C04F79EFBC}") = "etat_transition_winForm", "etat_transition_winForm\etat_transition_winForm.csproj", "{E6754BE1-EDDA-4D3B-9DAD-81C21501D28C}"
EndProject
Global
	GlobalSection(SolutionConfigurationPlatforms) = preSolution
		Debug|Any CPU = Debug|Any CPU
		Release|Any CPU = Release|Any CPU
	EndGlobalSection
	GlobalSection(ProjectConfigurationPlatforms) = postSolution
		{E6754BE1-EDDA-4D3B-9DAD-81C21501D28C}.Debug|Any CPU.ActiveCfg = Debug|Any CPU
		{E6754BE1-EDDA-4D3B-9DAD-81C21501D28C}.Debug|Any CPU.Build.0 = Debug|Any CPU
		{E6754BE1-EDDA-4D3B-9DAD-81C21501D28C}.Release|Any CPU.ActiveCfg = Release|Any CPU
		{E6754BE1-EDDA-4D3B-9DAD-81C21501D28C}.Release|Any CPU.Build.0 = Release|Any CPU
	EndGlobalSection
	GlobalSection(SolutionProperties) = preSolution
		HideSolutionNode = FALSE
	EndGlobalSection
	GlobalSection(ExtensibilityGlobals) = postSolution
		SolutionGuid = {A166E9C5-1EF4-4212-9D37-CCC4F6BBEF61}
	EndGlobalSection
EndGlobal
